
Microsoft Visual Studio Solution File, Format Version 12.00
# Visual Studio Version 17
VisualStudioVersion = 17.5.002.0
MinimumVisualStudioVersion = 10.0.40219.1
Project("{9A19103F-16F7-4668-BE54-9A1E7A4F7556}") = "GameTebakAngka", "GameTebakAngka.csproj", "{E297A2F6-2C24-4421-9445-12D5F9EB6DEC}"
EndProject
Global
	GlobalSection(SolutionConfigurationPlatforms) = preSolution
		Debug|Any CPU = Debug|Any CPU
		Release|Any CPU = Release|Any CPU
	EndGlobalSection
	GlobalSection(ProjectConfigurationPlatforms) = postSolution
		{E297A2F6-2C24-4421-9445-12D5F9EB6DEC}.Debug|Any CPU.ActiveCfg = Debug|Any CPU
		{E297A2F6-2C24-4421-9445-12D5F9EB6DEC}.Debug|Any CPU.Build.0 = Debug|Any CPU
		{E297A2F6-2C24-4421-9445-12D5F9EB6DEC}.Release|Any CPU.ActiveCfg = Release|Any CPU
		{E297A2F6-2C24-4421-9445-12D5F9EB6DEC}.Release|Any CPU.Build.0 = Release|Any CPU
	EndGlobalSection
	GlobalSection(SolutionProperties) = preSolution
		HideSolutionNode = FALSE
	EndGlobalSection
	GlobalSection(ExtensibilityGlobals) = postSolution
		SolutionGuid = {6F80D493-C26D-4C2B-9EFB-0F1AD92CB710}
	EndGlobalSection
EndGlobal
